{
  "version": 4,
  "terraform_version": "1.5.7",
  "serial": 3,
  "lineage": "20dc1bd3-a86b-fecc-601a-55a47d426f66",
  "outputs": {},
  "resources": [
    {
      "mode": "managed",
      "type": "linode_instance",
      "name": "example_instance",
      "provider": "provider[\"registry.terraform.io/linode/linode\"]",
      "instances": [
        {
          "schema_version": 0,
          "attributes": {
            "alerts": [
              {
                "cpu": 90,
                "io": 10000,
                "network_in": 10,
                "network_out": 10,
                "transfer_quota": 80
              }
            ],
            "authorized_keys": [
              "ssh-rsa AAAAB3NzaC1yc2EAAAADAQABAAACAQCrg9zKAx1nKEC+vjXT0wLaky7X/BjclqStSu1bumRribmWabVyp3DXlL2QH++Hy4vuj+0bbd10ujXgWtfELrBanqPhdBeoIYvBcVPevRN27h8mzk08bjDaFZTAhQjZhuriLoOKHebARhjq5ztqsPvASYwgtKNn1jYF0+tP+LUFUuId/UxU9tKv576mRIo/KkqIWIepqFFCVDHfaLuJIvj6VZuRogs1DCpIxtn4yjXWp4OmXiad3YKlYBylJv176tejZF1P+bE2FGIip5GiMSCfrmTe1qZ4cFEsjKNm1fIUvtEcmBkWoKfZB+AZFLRgSIYCwXHJy6F3U2oS9Q9/7Y7sVK7SPD3b+uMk6LxBZKX14YnZ+zqzaAWl3gHYgylm1p1rVoanRc04Kqw/HV8Q5z2aJIYoDmdtdG/1MzmYxyVdgaPEWJdv0+l4PaCbEPlYIHm1bp37Ko5sAll/kzVk0REmMccakgW5/2c2PAK+nqPtdQ2SwOZQ8fuXvKZ8X+Unms9zsiCcLo5MhUrDIcusB7AaalzKOL9QiBFbVVCa9EFlGx2upwUuNJq46Azui0caR69a7BQHpMXleu2gajBHBrf6ZXjmODysmnhAnrRgHUVy2UrRWnMu/Aqq1HBQzmmkmo3E+S+Jp5r0k6DwBGjElW+QubwjxXiNWLfjw3aNScgqYQ== boralevi@MacBook-Air-de-Boralevi.local"
            ],
            "authorized_users": null,
            "backup_id": null,
            "backups": [
              {
                "available": false,
                "enabled": false,
                "schedule": [
                  {
                    "day": "",
                    "window": ""
                  }
                ]
              }
            ],
            "backups_enabled": false,
            "boot_config_label": "My Ubuntu 18.04 LTS Disk Profile",
            "booted": true,
            "capabilities": [],
            "config": [
              {
                "comments": "",
                "devices": [
                  {
                    "sda": [
                      {
                        "disk_id": 131272466,
                        "disk_label": "Ubuntu 18.04 LTS Disk",
                        "volume_id": 0
                      }
                    ],
                    "sdb": [
                      {
                        "disk_id": 131272467,
                        "disk_label": "512 MB Swap Image",
                        "volume_id": 0
                      }
                    ],
                    "sdc": [],
                    "sdd": [],
                    "sde": [],
                    "sdf": [],
                    "sdg": [],
                    "sdh": []
                  }
                ],
                "helpers": [
                  {
                    "devtmpfs_automount": true,
                    "distro": true,
                    "modules_dep": true,
                    "network": true,
                    "updatedb_disabled": true
                  }
                ],
                "id": 70546764,
                "interface": [],
                "kernel": "linode/grub2",
                "label": "My Ubuntu 18.04 LTS Disk Profile",
                "memory_limit": 0,
                "root_device": "/dev/sda",
                "run_level": "default",
                "virt_mode": "paravirt"
              }
            ],
            "disk": [
              {
                "authorized_keys": [],
                "authorized_users": [],
                "filesystem": "ext4",
                "id": 131272466,
                "image": "",
                "label": "Ubuntu 18.04 LTS Disk",
                "read_only": false,
                "root_pass": "",
                "size": 50688,
                "stackscript_data": {},
                "stackscript_id": 0
              },
              {
                "authorized_keys": [],
                "authorized_users": [],
                "filesystem": "swap",
                "id": 131272467,
                "image": "",
                "label": "512 MB Swap Image",
                "read_only": false,
                "root_pass": "",
                "size": 512,
                "stackscript_data": {},
                "stackscript_id": 0
              }
            ],
            "disk_encryption": "disabled",
            "firewall_id": null,
            "group": "",
            "has_user_data": false,
            "host_uuid": "0f379542bc3ed7994d812bc6ad85a66a7c6b164e",
            "id": "67220411",
            "image": "linode/ubuntu18.04",
            "interface": [],
            "ip_address": "45.79.187.237",
            "ipv4": [
              "45.79.187.237"
            ],
            "ipv6": "2600:3c03::f03c:95ff:fe93:a428/128",
            "label": "example_instance_label",
            "lke_cluster_id": 0,
            "metadata": [],
            "migration_type": "cold",
            "placement_group": [],
            "placement_group_externally_managed": null,
            "private_ip": false,
            "private_ip_address": null,
            "region": "us-east",
            "resize_disk": false,
            "root_pass": "qpHu2dSeGcXI4j3wXCbvGU8XWAUB9e3DgdlT/cOu8+RG+cWK20Qb1dfCnQLwFQpFuIQUNcnZYHzEbwBz1KVC1A==",
            "shared_ipv4": [],
            "specs": [
              {
                "disk": 51200,
                "memory": 2048,
                "transfer": 2000,
                "vcpus": 1
              }
            ],
            "stackscript_data": null,
            "stackscript_id": null,
            "status": "running",
            "swap_size": 512,
            "tags": [],
            "timeouts": null,
            "type": "g6-standard-1",
            "watchdog_enabled": true
          },
          "sensitive_attributes": [],
          "private": "eyJlMmJmYjczMC1lY2FhLTExZTYtOGY4OC0zNDM2M2JjN2M0YzAiOnsiY3JlYXRlIjo5MDAwMDAwMDAwMDAsImRlbGV0ZSI6NjAwMDAwMDAwMDAwLCJ1cGRhdGUiOjM2MDAwMDAwMDAwMDB9fQ=="
        }
      ]
    }
  ],
  "check_results": null
}
